
Microsoft Visual Studio Solution File, Format Version 12.00
# Visual Studio 2012
Project("{F2A71F9B-5D33-465A-A702-920D77279786}") = "FSCL.Compiler.Plugins.StructHandling", "FSCL.Compiler.Plugins.StructHandling\FSCL.Compiler.Plugins.StructHandling.fsproj", "{976E744D-2342-4AB3-8EF0-A641642FA95E}"
EndProject
Project("{F2A71F9B-5D33-465A-A702-920D77279786}") = "FSCL.Compiler.Core", "..\FSCL.Compiler.Core\FSCL.Compiler.Core.fsproj", "{7635ADE1-AC00-4587-8117-3FAA15BE9318}"
EndProject
Global
	GlobalSection(SolutionConfigurationPlatforms) = preSolution
		Debug|Any CPU = Debug|Any CPU
		Release|Any CPU = Release|Any CPU
	EndGlobalSection
	GlobalSection(ProjectConfigurationPlatforms) = postSolution
		{976E744D-2342-4AB3-8EF0-A641642FA95E}.Debug|Any CPU.ActiveCfg = Debug|Any CPU
		{976E744D-2342-4AB3-8EF0-A641642FA95E}.Debug|Any CPU.Build.0 = Debug|Any CPU
		{976E744D-2342-4AB3-8EF0-A641642FA95E}.Release|Any CPU.ActiveCfg = Release|Any CPU
		{976E744D-2342-4AB3-8EF0-A641642FA95E}.Release|Any CPU.Build.0 = Release|Any CPU
		{7635ADE1-AC00-4587-8117-3FAA15BE9318}.Debug|Any CPU.ActiveCfg = Debug|Any CPU
		{7635ADE1-AC00-4587-8117-3FAA15BE9318}.Debug|Any CPU.Build.0 = Debug|Any CPU
		{7635ADE1-AC00-4587-8117-3FAA15BE9318}.Release|Any CPU.ActiveCfg = Release|Any CPU
		{7635ADE1-AC00-4587-8117-3FAA15BE9318}.Release|Any CPU.Build.0 = Release|Any CPU
	EndGlobalSection
	GlobalSection(SolutionProperties) = preSolution
		HideSolutionNode = FALSE
	EndGlobalSection
EndGlobal
